<?xml version="1.0" encoding="UTF-8" standalone="yes" ?>
<CodeBlocks_project_file>
	<FileVersion major="1" minor="6" />
	<Project>
		<Option title="PuzzlescriptWrapper" />
		<Option pch_mode="2" />
		<Option compiler="gcc" />
		<Build>
			<Target title="Debug">
				<Option output="bin/Debug/puzzlescriptWrapper" prefix_auto="1" extension_auto="1" />
				<Option object_output="obj/Debug/" />
				<Option type="1" />
				<Option compiler="gcc" />
				<Compiler>
					<Add option="-O2" />
					<Add option="-g" />
				</Compiler>
			</Target>
			<Target title="Release">
				<Option output="bin/Release/puzzlescriptWrapper" prefix_auto="1" extension_auto="1" />
				<Option object_output="obj/Release/" />
				<Option type="0" />
				<Option compiler="gcc" />
				<Compiler>
					<Add option="-O2" />
					<Add option="-D__USE_MINIFIED__" />
				</Compiler>
				<Linker>
					<Add option="-s" />
				</Linker>
			</Target>
		</Build>
		<Compiler>
			<Add option="-std=c++0x" />
			<Add directory="gameEngine" />
		</Compiler>
		<Linker>
			<Add option="-w -lmingw32 -lgdi32 -lglu32 -lopengl32 -lSDL2main -lSDL2 -lSDL2_Image -lSDL2_ttf -lSDL2_net -lglew32 -lglew32mx -l3ds -llua52 -static-libgcc -static-libstdc++ -lirrXML" />
		</Linker>
		<Unit filename="gameEngine/FSM.cpp" />
		<Unit filename="gameEngine/FSM.hpp" />
		<Unit filename="gameEngine/LuaCall.cpp" />
		<Unit filename="gameEngine/LuaCall.hpp" />
		<Unit filename="gameEngine/animation.cpp" />
		<Unit filename="gameEngine/animation.hpp" />
		<Unit filename="gameEngine/application.cpp" />
		<Unit filename="gameEngine/application.hpp" />
		<Unit filename="gameEngine/camera.hpp" />
		<Unit filename="gameEngine/chemins.h" />
		<Unit filename="gameEngine/chrono.cpp" />
		<Unit filename="gameEngine/chrono.hpp" />
		<Unit filename="gameEngine/configSDL.hpp" />
		<Unit filename="gameEngine/deck.cpp" />
		<Unit filename="gameEngine/deck.hpp" />
		<Unit filename="gameEngine/define.hpp" />
		<Unit filename="gameEngine/display.cpp" />
		<Unit filename="gameEngine/display.hpp" />
		<Unit filename="gameEngine/duktape/duk_config.h" />
		<Unit filename="gameEngine/duktape/duktape.c">
			<Option compilerVar="CC" />
		</Unit>
		<Unit filename="gameEngine/duktape/duktape.h" />
		<Unit filename="gameEngine/engine.cpp" />
		<Unit filename="gameEngine/engine.hpp" />
		<Unit filename="gameEngine/gltext2d.hpp" />
		<Unit filename="gameEngine/gui.cpp" />
		<Unit filename="gameEngine/gui.hpp" />
		<Unit filename="gameEngine/inventory.hpp" />
		<Unit filename="gameEngine/irrXML/CXMLReaderImpl.h" />
		<Unit filename="gameEngine/irrXML/fast_atof.h" />
		<Unit filename="gameEngine/irrXML/heapsort.h" />
		<Unit filename="gameEngine/irrXML/irrArray.h" />
		<Unit filename="gameEngine/irrXML/irrString.h" />
		<Unit filename="gameEngine/irrXML/irrTypes.h" />
		<Unit filename="gameEngine/irrXML/irrXML.cpp" />
		<Unit filename="gameEngine/irrXML/irrXML.h" />
		<Unit filename="gameEngine/loginScreen.cpp" />
		<Unit filename="gameEngine/loginScreen.hpp" />
		<Unit filename="gameEngine/menu.h" />
		<Unit filename="gameEngine/network.cpp" />
		<Unit filename="gameEngine/network.hpp" />
		<Unit filename="gameEngine/platformerLevel.hpp" />
		<Unit filename="gameEngine/playerSelectScreen.cpp" />
		<Unit filename="gameEngine/playerSelectScreen.hpp" />
		<Unit filename="gameEngine/score.cpp" />
		<Unit filename="gameEngine/score.hpp" />
		<Unit filename="gameEngine/scoreOnline.cpp" />
		<Unit filename="gameEngine/scoreOnline.hpp" />
		<Unit filename="gameEngine/sfxr.cpp" />
		<Unit filename="gameEngine/sfxr.hpp" />
		<Unit filename="gameEngine/sha256/sha256.cpp" />
		<Unit filename="gameEngine/sha256/sha256.h" />
		<Unit filename="gameEngine/skybox.cpp" />
		<Unit filename="gameEngine/skybox.hpp" />
		<Unit filename="gameEngine/sprite2d.cpp" />
		<Unit filename="gameEngine/sprite2d.hpp" />
		<Unit filename="gameEngine/spritebillboard.hpp" />
		<Unit filename="gameEngine/table3d.hpp" />
		<Unit filename="gameEngine/table3dUtility.cpp" />
		<Unit filename="gameEngine/table3dUtility.hpp" />
		<Unit filename="gameEngine/text_list.hpp" />
		<Unit filename="gameEngine/textmanager.cpp" />
		<Unit filename="gameEngine/textmanager.hpp" />
		<Unit filename="gameEngine/theme.h" />
		<Unit filename="gameEngine/themeconfig.hpp" />
		<Unit filename="gameEngine/timer.cpp" />
		<Unit filename="gameEngine/timer.hpp" />
		<Unit filename="gameEngine/user.cpp" />
		<Unit filename="gameEngine/user.hpp" />
		<Unit filename="main.cpp" />
		<Unit filename="puzzlescriptWrapper.hpp" />
		<Extensions>
			<code_completion />
			<envvars />
			<debugger />
		</Extensions>
	</Project>
</CodeBlocks_project_file>
